// !$*UTF8*$!
{
	archiveVersion = 1;
	classes = {
	};
	objectVersion = 56;
	objects = {

/* Begin PBXBuildFile section */
		3214752E2BE38E22005CCA46 /* UIViewExtension.swift in Sources */ = {isa = PBXBuildFile; fileRef = 3214752D2BE38E22005CCA46 /* UIViewExtension.swift */; };
		321475302BE39012005CCA46 /* UIStackViewExtension.swift in Sources */ = {isa = PBXBuildFile; fileRef = 3214752F2BE39012005CCA46 /* UIStackViewExtension.swift */; };
		321475332BE394CD005CCA46 /* CustomTextField.swift in Sources */ = {isa = PBXBuildFile; fileRef = 321475322BE394CD005CCA46 /* CustomTextField.swift */; };
		321475352BE399CF005CCA46 /* CustomButton.swift in Sources */ = {isa = PBXBuildFile; fileRef = 321475342BE399CF005CCA46 /* CustomButton.swift */; };
		328D850F2BE37BAA00F742D8 /* AppDelegate.swift in Sources */ = {isa = PBXBuildFile; fileRef = 328D850E2BE37BAA00F742D8 /* AppDelegate.swift */; };
		328D85112BE37BAA00F742D8 /* SceneDelegate.swift in Sources */ = {isa = PBXBuildFile; fileRef = 328D85102BE37BAA00F742D8 /* SceneDelegate.swift */; };
		328D85182BE37BAE00F742D8 /* Assets.xcassets in Resources */ = {isa = PBXBuildFile; fileRef = 328D85172BE37BAE00F742D8 /* Assets.xcassets */; };
		328D851B2BE37BAE00F742D8 /* LaunchScreen.storyboard in Resources */ = {isa = PBXBuildFile; fileRef = 328D85192BE37BAE00F742D8 /* LaunchScreen.storyboard */; };
		328D85382BE387FC00F742D8 /* LoginPresenter.swift in Sources */ = {isa = PBXBuildFile; fileRef = 328D85342BE387FC00F742D8 /* LoginPresenter.swift */; };
		328D85392BE387FC00F742D8 /* LoginViewController.swift in Sources */ = {isa = PBXBuildFile; fileRef = 328D85362BE387FC00F742D8 /* LoginViewController.swift */; };
		328D853A2BE387FC00F742D8 /* LoginBuilder.swift in Sources */ = {isa = PBXBuildFile; fileRef = 328D85372BE387FC00F742D8 /* LoginBuilder.swift */; };
		32A8FF372BE4165300F0E188 /* CreateAccountPresenter.swift in Sources */ = {isa = PBXBuildFile; fileRef = 32A8FF332BE4165300F0E188 /* CreateAccountPresenter.swift */; };
		32A8FF382BE4165300F0E188 /* CreateAccountBuilder.swift in Sources */ = {isa = PBXBuildFile; fileRef = 32A8FF342BE4165300F0E188 /* CreateAccountBuilder.swift */; };
		32A8FF392BE4165300F0E188 /* CreateAccountViewController.swift in Sources */ = {isa = PBXBuildFile; fileRef = 32A8FF362BE4165300F0E188 /* CreateAccountViewController.swift */; };
		E0228A38D815124A42378B67 /* Pods_hesoyam.framework in Frameworks */ = {isa = PBXBuildFile; fileRef = 0CE36B5CD9A14CC4757056A2 /* Pods_hesoyam.framework */; };
/* End PBXBuildFile section */

/* Begin PBXFileReference section */
		0CE36B5CD9A14CC4757056A2 /* Pods_hesoyam.framework */ = {isa = PBXFileReference; explicitFileType = wrapper.framework; includeInIndex = 0; path = Pods_hesoyam.framework; sourceTree = BUILT_PRODUCTS_DIR; };
		3214752D2BE38E22005CCA46 /* UIViewExtension.swift */ = {isa = PBXFileReference; lastKnownFileType = sourcecode.swift; path = UIViewExtension.swift; sourceTree = "<group>"; };
		3214752F2BE39012005CCA46 /* UIStackViewExtension.swift */ = {isa = PBXFileReference; lastKnownFileType = sourcecode.swift; path = UIStackViewExtension.swift; sourceTree = "<group>"; };
		321475322BE394CD005CCA46 /* CustomTextField.swift */ = {isa = PBXFileReference; lastKnownFileType = sourcecode.swift; path = CustomTextField.swift; sourceTree = "<group>"; };
		321475342BE399CF005CCA46 /* CustomButton.swift */ = {isa = PBXFileReference; lastKnownFileType = sourcecode.swift; path = CustomButton.swift; sourceTree = "<group>"; };
		328D850B2BE37BAA00F742D8 /* hesoyam.app */ = {isa = PBXFileReference; explicitFileType = wrapper.application; includeInIndex = 0; path = hesoyam.app; sourceTree = BUILT_PRODUCTS_DIR; };
		328D850E2BE37BAA00F742D8 /* AppDelegate.swift */ = {isa = PBXFileReference; lastKnownFileType = sourcecode.swift; path = AppDelegate.swift; sourceTree = "<group>"; };
		328D85102BE37BAA00F742D8 /* SceneDelegate.swift */ = {isa = PBXFileReference; lastKnownFileType = sourcecode.swift; path = SceneDelegate.swift; sourceTree = "<group>"; };
		328D85172BE37BAE00F742D8 /* Assets.xcassets */ = {isa = PBXFileReference; lastKnownFileType = folder.assetcatalog; path = Assets.xcassets; sourceTree = "<group>"; };
		328D851A2BE37BAE00F742D8 /* Base */ = {isa = PBXFileReference; lastKnownFileType = file.storyboard; name = Base; path = Base.lproj/LaunchScreen.storyboard; sourceTree = "<group>"; };
		328D851C2BE37BAE00F742D8 /* Info.plist */ = {isa = PBXFileReference; lastKnownFileType = text.plist.xml; path = Info.plist; sourceTree = "<group>"; };
		328D85342BE387FC00F742D8 /* LoginPresenter.swift */ = {isa = PBXFileReference; fileEncoding = 4; lastKnownFileType = sourcecode.swift; path = LoginPresenter.swift; sourceTree = "<group>"; };
		328D85362BE387FC00F742D8 /* LoginViewController.swift */ = {isa = PBXFileReference; fileEncoding = 4; lastKnownFileType = sourcecode.swift; path = LoginViewController.swift; sourceTree = "<group>"; };
		328D85372BE387FC00F742D8 /* LoginBuilder.swift */ = {isa = PBXFileReference; fileEncoding = 4; lastKnownFileType = sourcecode.swift; path = LoginBuilder.swift; sourceTree = "<group>"; };
		32A8FF332BE4165300F0E188 /* CreateAccountPresenter.swift */ = {isa = PBXFileReference; fileEncoding = 4; lastKnownFileType = sourcecode.swift; path = CreateAccountPresenter.swift; sourceTree = "<group>"; };
		32A8FF342BE4165300F0E188 /* CreateAccountBuilder.swift */ = {isa = PBXFileReference; fileEncoding = 4; lastKnownFileType = sourcecode.swift; path = CreateAccountBuilder.swift; sourceTree = "<group>"; };
		32A8FF362BE4165300F0E188 /* CreateAccountViewController.swift */ = {isa = PBXFileReference; fileEncoding = 4; lastKnownFileType = sourcecode.swift; path = CreateAccountViewController.swift; sourceTree = "<group>"; };
		543D9D23AFB0D4B3F86173C4 /* Pods-hesoyam.debug.xcconfig */ = {isa = PBXFileReference; includeInIndex = 1; lastKnownFileType = text.xcconfig; name = "Pods-hesoyam.debug.xcconfig"; path = "Target Support Files/Pods-hesoyam/Pods-hesoyam.debug.xcconfig"; sourceTree = "<group>"; };
		7B7D17A482EE4BE3296A8FB4 /* Pods-hesoyam.release.xcconfig */ = {isa = PBXFileReference; includeInIndex = 1; lastKnownFileType = text.xcconfig; name = "Pods-hesoyam.release.xcconfig"; path = "Target Support Files/Pods-hesoyam/Pods-hesoyam.release.xcconfig"; sourceTree = "<group>"; };
/* End PBXFileReference section */

/* Begin PBXFrameworksBuildPhase section */
		328D85082BE37BAA00F742D8 /* Frameworks */ = {
			isa = PBXFrameworksBuildPhase;
			buildActionMask = 2147483647;
			files = (
				E0228A38D815124A42378B67 /* Pods_hesoyam.framework in Frameworks */,
			);
			runOnlyForDeploymentPostprocessing = 0;
		};
/* End PBXFrameworksBuildPhase section */

/* Begin PBXGroup section */
		3214752C2BE38DEA005CCA46 /* Extensions */ = {
			isa = PBXGroup;
			children = (
				3214752D2BE38E22005CCA46 /* UIViewExtension.swift */,
				3214752F2BE39012005CCA46 /* UIStackViewExtension.swift */,
			);
			path = Extensions;
			sourceTree = "<group>";
		};
		321475312BE394B1005CCA46 /* Helpers */ = {
			isa = PBXGroup;
			children = (
				321475322BE394CD005CCA46 /* CustomTextField.swift */,
				321475342BE399CF005CCA46 /* CustomButton.swift */,
			);
			path = Helpers;
			sourceTree = "<group>";
		};
		328D85022BE37BAA00F742D8 = {
			isa = PBXGroup;
			children = (
				328D850D2BE37BAA00F742D8 /* hesoyam */,
				328D850C2BE37BAA00F742D8 /* Products */,
				FB4C348EB384569AB76B2E9A /* Pods */,
				551E39EFE19C6815D6BDFBFE /* Frameworks */,
			);
			sourceTree = "<group>";
		};
		328D850C2BE37BAA00F742D8 /* Products */ = {
			isa = PBXGroup;
			children = (
				328D850B2BE37BAA00F742D8 /* hesoyam.app */,
			);
			name = Products;
			sourceTree = "<group>";
		};
		328D850D2BE37BAA00F742D8 /* hesoyam */ = {
			isa = PBXGroup;
			children = (
				328D85222BE37CEE00F742D8 /* Core */,
				328D85232BE37D1400F742D8 /* Resources */,
				3214752C2BE38DEA005CCA46 /* Extensions */,
				321475312BE394B1005CCA46 /* Helpers */,
				328D85242BE3851B00F742D8 /* Modules */,
			);
			path = hesoyam;
			sourceTree = "<group>";
		};
		328D85222BE37CEE00F742D8 /* Core */ = {
			isa = PBXGroup;
			children = (
				328D850E2BE37BAA00F742D8 /* AppDelegate.swift */,
				328D85102BE37BAA00F742D8 /* SceneDelegate.swift */,
				328D851C2BE37BAE00F742D8 /* Info.plist */,
			);
			path = Core;
			sourceTree = "<group>";
		};
		328D85232BE37D1400F742D8 /* Resources */ = {
			isa = PBXGroup;
			children = (
				328D85172BE37BAE00F742D8 /* Assets.xcassets */,
				328D85192BE37BAE00F742D8 /* LaunchScreen.storyboard */,
			);
			path = Resources;
			sourceTree = "<group>";
		};
		328D85242BE3851B00F742D8 /* Modules */ = {
			isa = PBXGroup;
			children = (
				328D85322BE387FC00F742D8 /* Login */,
				32A8FF312BE4165300F0E188 /* CreateAccount */,
			);
			path = Modules;
			sourceTree = "<group>";
		};
		328D85322BE387FC00F742D8 /* Login */ = {
			isa = PBXGroup;
			children = (
				328D85372BE387FC00F742D8 /* LoginBuilder.swift */,
				328D85332BE387FC00F742D8 /* Presenter */,
				328D85352BE387FC00F742D8 /* View */,
			);
			path = Login;
			sourceTree = "<group>";
		};
		328D85332BE387FC00F742D8 /* Presenter */ = {
			isa = PBXGroup;
			children = (
				328D85342BE387FC00F742D8 /* LoginPresenter.swift */,
			);
			path = Presenter;
			sourceTree = "<group>";
		};
		328D85352BE387FC00F742D8 /* View */ = {
			isa = PBXGroup;
			children = (
				328D85362BE387FC00F742D8 /* LoginViewController.swift */,
			);
			path = View;
			sourceTree = "<group>";
		};
		32A8FF312BE4165300F0E188 /* CreateAccount */ = {
			isa = PBXGroup;
			children = (
				32A8FF342BE4165300F0E188 /* CreateAccountBuilder.swift */,
				32A8FF322BE4165300F0E188 /* Presenter */,
				32A8FF352BE4165300F0E188 /* View */,
			);
			path = CreateAccount;
			sourceTree = "<group>";
		};
		32A8FF322BE4165300F0E188 /* Presenter */ = {
			isa = PBXGroup;
			children = (
				32A8FF332BE4165300F0E188 /* CreateAccountPresenter.swift */,
			);
			path = Presenter;
			sourceTree = "<group>";
		};
		32A8FF352BE4165300F0E188 /* View */ = {
			isa = PBXGroup;
			children = (
				32A8FF362BE4165300F0E188 /* CreateAccountViewController.swift */,
			);
			path = View;
			sourceTree = "<group>";
		};
		551E39EFE19C6815D6BDFBFE /* Frameworks */ = {
			isa = PBXGroup;
			children = (
				0CE36B5CD9A14CC4757056A2 /* Pods_hesoyam.framework */,
			);
			name = Frameworks;
			sourceTree = "<group>";
		};
		FB4C348EB384569AB76B2E9A /* Pods */ = {
			isa = PBXGroup;
			children = (
				543D9D23AFB0D4B3F86173C4 /* Pods-hesoyam.debug.xcconfig */,
				7B7D17A482EE4BE3296A8FB4 /* Pods-hesoyam.release.xcconfig */,
			);
			path = Pods;
			sourceTree = "<group>";
		};
/* End PBXGroup section */

/* Begin PBXNativeTarget section */
		328D850A2BE37BAA00F742D8 /* hesoyam */ = {
			isa = PBXNativeTarget;
			buildConfigurationList = 328D851F2BE37BAE00F742D8 /* Build configuration list for PBXNativeTarget "hesoyam" */;
			buildPhases = (
				2452FC88C8EA0A5B537F5D11 /* [CP] Check Pods Manifest.lock */,
				328D85072BE37BAA00F742D8 /* Sources */,
				328D85082BE37BAA00F742D8 /* Frameworks */,
				328D85092BE37BAA00F742D8 /* Resources */,
				FDD078C2297A21C0FDA82E26 /* [CP] Embed Pods Frameworks */,
			);
			buildRules = (
			);
			dependencies = (
			);
			name = hesoyam;
			productName = hesoyam;
			productReference = 328D850B2BE37BAA00F742D8 /* hesoyam.app */;
			productType = "com.apple.product-type.application";
		};
/* End PBXNativeTarget section */

/* Begin PBXProject section */
		328D85032BE37BAA00F742D8 /* Project object */ = {
			isa = PBXProject;
			attributes = {
				BuildIndependentTargetsInParallel = 1;
				LastSwiftUpdateCheck = 1520;
				LastUpgradeCheck = 1520;
				TargetAttributes = {
					328D850A2BE37BAA00F742D8 = {
						CreatedOnToolsVersion = 15.2;
					};
				};
			};
			buildConfigurationList = 328D85062BE37BAA00F742D8 /* Build configuration list for PBXProject "hesoyam" */;
			compatibilityVersion = "Xcode 14.0";
			developmentRegion = en;
			hasScannedForEncodings = 0;
			knownRegions = (
				en,
				Base,
			);
			mainGroup = 328D85022BE37BAA00F742D8;
			productRefGroup = 328D850C2BE37BAA00F742D8 /* Products */;
			projectDirPath = "";
			projectRoot = "";
			targets = (
				328D850A2BE37BAA00F742D8 /* hesoyam */,
			);
		};
/* End PBXProject section */

/* Begin PBXResourcesBuildPhase section */
		328D85092BE37BAA00F742D8 /* Resources */ = {
			isa = PBXResourcesBuildPhase;
			buildActionMask = 2147483647;
			files = (
				328D851B2BE37BAE00F742D8 /* LaunchScreen.storyboard in Resources */,
				328D85182BE37BAE00F742D8 /* Assets.xcassets in Resources */,
			);
			runOnlyForDeploymentPostprocessing = 0;
		};
/* End PBXResourcesBuildPhase section */

/* Begin PBXShellScriptBuildPhase section */
		2452FC88C8EA0A5B537F5D11 /* [CP] Check Pods Manifest.lock */ = {
			isa = PBXShellScriptBuildPhase;
			buildActionMask = 2147483647;
			files = (
			);
			inputFileListPaths = (
			);
			inputPaths = (
				"${PODS_PODFILE_DIR_PATH}/Podfile.lock",
				"${PODS_ROOT}/Manifest.lock",
			);
			name = "[CP] Check Pods Manifest.lock";
			outputFileListPaths = (
			);
			outputPaths = (
				"$(DERIVED_FILE_DIR)/Pods-hesoyam-checkManifestLockResult.txt",
			);
			runOnlyForDeploymentPostprocessing = 0;
			shellPath = /bin/sh;
			shellScript = "diff \"${PODS_PODFILE_DIR_PATH}/Podfile.lock\" \"${PODS_ROOT}/Manifest.lock\" > /dev/null\nif [ $? != 0 ] ; then\n    # print error to STDERR\n    echo \"error: The sandbox is not in sync with the Podfile.lock. Run 'pod install' or update your CocoaPods installation.\" >&2\n    exit 1\nfi\n# This output is used by Xcode 'outputs' to avoid re-running this script phase.\necho \"SUCCESS\" > \"${SCRIPT_OUTPUT_FILE_0}\"\n";
			showEnvVarsInLog = 0;
		};
		FDD078C2297A21C0FDA82E26 /* [CP] Embed Pods Frameworks */ = {
			isa = PBXShellScriptBuildPhase;
			buildActionMask = 2147483647;
			files = (
			);
			inputFileListPaths = (
				"${PODS_ROOT}/Target Support Files/Pods-hesoyam/Pods-hesoyam-frameworks-${CONFIGURATION}-input-files.xcfilelist",
			);
			name = "[CP] Embed Pods Frameworks";
			outputFileListPaths = (
				"${PODS_ROOT}/Target Support Files/Pods-hesoyam/Pods-hesoyam-frameworks-${CONFIGURATION}-output-files.xcfilelist",
			);
			runOnlyForDeploymentPostprocessing = 0;
			shellPath = /bin/sh;
			shellScript = "\"${PODS_ROOT}/Target Support Files/Pods-hesoyam/Pods-hesoyam-frameworks.sh\"\n";
			showEnvVarsInLog = 0;
		};
/* End PBXShellScriptBuildPhase section */

/* Begin PBXSourcesBuildPhase section */
		328D85072BE37BAA00F742D8 /* Sources */ = {
			isa = PBXSourcesBuildPhase;
			buildActionMask = 2147483647;
			files = (
				32A8FF392BE4165300F0E188 /* CreateAccountViewController.swift in Sources */,
				3214752E2BE38E22005CCA46 /* UIViewExtension.swift in Sources */,
				32A8FF382BE4165300F0E188 /* CreateAccountBuilder.swift in Sources */,
				328D85392BE387FC00F742D8 /* LoginViewController.swift in Sources */,
				321475352BE399CF005CCA46 /* CustomButton.swift in Sources */,
				328D85382BE387FC00F742D8 /* LoginPresenter.swift in Sources */,
				328D853A2BE387FC00F742D8 /* LoginBuilder.swift in Sources */,
				321475332BE394CD005CCA46 /* CustomTextField.swift in Sources */,
				321475302BE39012005CCA46 /* UIStackViewExtension.swift in Sources */,
				328D850F2BE37BAA00F742D8 /* AppDelegate.swift in Sources */,
				32A8FF372BE4165300F0E188 /* CreateAccountPresenter.swift in Sources */,
				328D85112BE37BAA00F742D8 /* SceneDelegate.swift in Sources */,
			);
			runOnlyForDeploymentPostprocessing = 0;
		};
/* End PBXSourcesBuildPhase section */

/* Begin PBXVariantGroup section */
		328D85192BE37BAE00F742D8 /* LaunchScreen.storyboard */ = {
			isa = PBXVariantGroup;
			children = (
				328D851A2BE37BAE00F742D8 /* Base */,
			);
			name = LaunchScreen.storyboard;
			sourceTree = "<group>";
		};
/* End PBXVariantGroup section */

/* Begin XCBuildConfiguration section */
		328D851D2BE37BAE00F742D8 /* Debug */ = {
			isa = XCBuildConfiguration;
			buildSettings = {
				ALWAYS_SEARCH_USER_PATHS = NO;
				ASSETCATALOG_COMPILER_GENERATE_SWIFT_ASSET_SYMBOL_EXTENSIONS = YES;
				CLANG_ANALYZER_NONNULL = YES;
				CLANG_ANALYZER_NUMBER_OBJECT_CONVERSION = YES_AGGRESSIVE;
				CLANG_CXX_LANGUAGE_STANDARD = "gnu++20";
				CLANG_ENABLE_MODULES = YES;
				CLANG_ENABLE_OBJC_ARC = YES;
				CLANG_ENABLE_OBJC_WEAK = YES;
				CLANG_WARN_BLOCK_CAPTURE_AUTORELEASING = YES;
				CLANG_WARN_BOOL_CONVERSION = YES;
				CLANG_WARN_COMMA = YES;
				CLANG_WARN_CONSTANT_CONVERSION = YES;
				CLANG_WARN_DEPRECATED_OBJC_IMPLEMENTATIONS = YES;
				CLANG_WARN_DIRECT_OBJC_ISA_USAGE = YES_ERROR;
				CLANG_WARN_DOCUMENTATION_COMMENTS = YES;
				CLANG_WARN_EMPTY_BODY = YES;
				CLANG_WARN_ENUM_CONVERSION = YES;
				CLANG_WARN_INFINITE_RECURSION = YES;
				CLANG_WARN_INT_CONVERSION = YES;
				CLANG_WARN_NON_LITERAL_NULL_CONVERSION = YES;
				CLANG_WARN_OBJC_IMPLICIT_RETAIN_SELF = YES;
				CLANG_WARN_OBJC_LITERAL_CONVERSION = YES;
				CLANG_WARN_OBJC_ROOT_CLASS = YES_ERROR;
				CLANG_WARN_QUOTED_INCLUDE_IN_FRAMEWORK_HEADER = YES;
				CLANG_WARN_RANGE_LOOP_ANALYSIS = YES;
				CLANG_WARN_STRICT_PROTOTYPES = YES;
				CLANG_WARN_SUSPICIOUS_MOVE = YES;
				CLANG_WARN_UNGUARDED_AVAILABILITY = YES_AGGRESSIVE;
				CLANG_WARN_UNREACHABLE_CODE = YES;
				CLANG_WARN__DUPLICATE_METHOD_MATCH = YES;
				COPY_PHASE_STRIP = NO;
				DEBUG_INFORMATION_FORMAT = dwarf;
				ENABLE_STRICT_OBJC_MSGSEND = YES;
				ENABLE_TESTABILITY = YES;
				ENABLE_USER_SCRIPT_SANDBOXING = YES;
				GCC_C_LANGUAGE_STANDARD = gnu17;
				GCC_DYNAMIC_NO_PIC = NO;
				GCC_NO_COMMON_BLOCKS = YES;
				GCC_OPTIMIZATION_LEVEL = 0;
				GCC_PREPROCESSOR_DEFINITIONS = (
					"DEBUG=1",
					"$(inherited)",
				);
				GCC_WARN_64_TO_32_BIT_CONVERSION = YES;
				GCC_WARN_ABOUT_RETURN_TYPE = YES_ERROR;
				GCC_WARN_UNDECLARED_SELECTOR = YES;
				GCC_WARN_UNINITIALIZED_AUTOS = YES_AGGRESSIVE;
				GCC_WARN_UNUSED_FUNCTION = YES;
				GCC_WARN_UNUSED_VARIABLE = YES;
				IPHONEOS_DEPLOYMENT_TARGET = 15.0;
				LOCALIZATION_PREFERS_STRING_CATALOGS = YES;
				MTL_ENABLE_DEBUG_INFO = INCLUDE_SOURCE;
				MTL_FAST_MATH = YES;
				ONLY_ACTIVE_ARCH = YES;
				SDKROOT = iphoneos;
				SWIFT_ACTIVE_COMPILATION_CONDITIONS = "DEBUG $(inherited)";
				SWIFT_OPTIMIZATION_LEVEL = "-Onone";
			};
			name = Debug;
		};
		328D851E2BE37BAE00F742D8 /* Release */ = {
			isa = XCBuildConfiguration;
			buildSettings = {
				ALWAYS_SEARCH_USER_PATHS = NO;
				ASSETCATALOG_COMPILER_GENERATE_SWIFT_ASSET_SYMBOL_EXTENSIONS = YES;
				CLANG_ANALYZER_NONNULL = YES;
				CLANG_ANALYZER_NUMBER_OBJECT_CONVERSION = YES_AGGRESSIVE;
				CLANG_CXX_LANGUAGE_STANDARD = "gnu++20";
				CLANG_ENABLE_MODULES = YES;
				CLANG_ENABLE_OBJC_ARC = YES;
				CLANG_ENABLE_OBJC_WEAK = YES;
				CLANG_WARN_BLOCK_CAPTURE_AUTORELEASING = YES;
				CLANG_WARN_BOOL_CONVERSION = YES;
				CLANG_WARN_COMMA = YES;
				CLANG_WARN_CONSTANT_CONVERSION = YES;
				CLANG_WARN_DEPRECATED_OBJC_IMPLEMENTATIONS = YES;
				CLANG_WARN_DIRECT_OBJC_ISA_USAGE = YES_ERROR;
				CLANG_WARN_DOCUMENTATION_COMMENTS = YES;
				CLANG_WARN_EMPTY_BODY = YES;
				CLANG_WARN_ENUM_CONVERSION = YES;
				CLANG_WARN_INFINITE_RECURSION = YES;
				CLANG_WARN_INT_CONVERSION = YES;
				CLANG_WARN_NON_LITERAL_NULL_CONVERSION = YES;
				CLANG_WARN_OBJC_IMPLICIT_RETAIN_SELF = YES;
				CLANG_WARN_OBJC_LITERAL_CONVERSION = YES;
				CLANG_WARN_OBJC_ROOT_CLASS = YES_ERROR;
				CLANG_WARN_QUOTED_INCLUDE_IN_FRAMEWORK_HEADER = YES;
				CLANG_WARN_RANGE_LOOP_ANALYSIS = YES;
				CLANG_WARN_STRICT_PROTOTYPES = YES;
				CLANG_WARN_SUSPICIOUS_MOVE = YES;
				CLANG_WARN_UNGUARDED_AVAILABILITY = YES_AGGRESSIVE;
				CLANG_WARN_UNREACHABLE_CODE = YES;
				CLANG_WARN__DUPLICATE_METHOD_MATCH = YES;
				COPY_PHASE_STRIP = NO;
				DEBUG_INFORMATION_FORMAT = "dwarf-with-dsym";
				ENABLE_NS_ASSERTIONS = NO;
				ENABLE_STRICT_OBJC_MSGSEND = YES;
				ENABLE_USER_SCRIPT_SANDBOXING = YES;
				GCC_C_LANGUAGE_STANDARD = gnu17;
				GCC_NO_COMMON_BLOCKS = YES;
				GCC_WARN_64_TO_32_BIT_CONVERSION = YES;
				GCC_WARN_ABOUT_RETURN_TYPE = YES_ERROR;
				GCC_WARN_UNDECLARED_SELECTOR = YES;
				GCC_WARN_UNINITIALIZED_AUTOS = YES_AGGRESSIVE;
				GCC_WARN_UNUSED_FUNCTION = YES;
				GCC_WARN_UNUSED_VARIABLE = YES;
				IPHONEOS_DEPLOYMENT_TARGET = 15.0;
				LOCALIZATION_PREFERS_STRING_CATALOGS = YES;
				MTL_ENABLE_DEBUG_INFO = NO;
				MTL_FAST_MATH = YES;
				SDKROOT = iphoneos;
				SWIFT_COMPILATION_MODE = wholemodule;
				VALIDATE_PRODUCT = YES;
			};
			name = Release;
		};
		328D85202BE37BAE00F742D8 /* Debug */ = {
			isa = XCBuildConfiguration;
			baseConfigurationReference = 543D9D23AFB0D4B3F86173C4 /* Pods-hesoyam.debug.xcconfig */;
			buildSettings = {
				ASSETCATALOG_COMPILER_APPICON_NAME = AppIcon;
				ASSETCATALOG_COMPILER_GLOBAL_ACCENT_COLOR_NAME = AccentColor;
				CODE_SIGN_STYLE = Automatic;
				CURRENT_PROJECT_VERSION = 1;
				DEVELOPMENT_TEAM = YV72SAKGKB;
				ENABLE_USER_SCRIPT_SANDBOXING = NO;
				GENERATE_INFOPLIST_FILE = YES;
				INFOPLIST_FILE = hesoyam/Core/Info.plist;
				INFOPLIST_KEY_UIApplicationSupportsIndirectInputEvents = YES;
				INFOPLIST_KEY_UILaunchStoryboardName = LaunchScreen;
				INFOPLIST_KEY_UISupportedInterfaceOrientations = UIInterfaceOrientationPortrait;
				INFOPLIST_KEY_UISupportedInterfaceOrientations_iPad = "UIInterfaceOrientationLandscapeLeft UIInterfaceOrientationLandscapeRight UIInterfaceOrientationPortrait UIInterfaceOrientationPortraitUpsideDown";
				IPHONEOS_DEPLOYMENT_TARGET = 15.0;
				LD_RUNPATH_SEARCH_PATHS = (
					"$(inherited)",
					"@executable_path/Frameworks",
				);
				MARKETING_VERSION = 1.0;
				PRODUCT_BUNDLE_IDENTIFIER = CT4TuEI3.hesoyam;
				PRODUCT_NAME = "$(TARGET_NAME)";
				SUPPORTED_PLATFORMS = "iphoneos iphonesimulator";
				SUPPORTS_MACCATALYST = NO;
				SUPPORTS_MAC_DESIGNED_FOR_IPHONE_IPAD = NO;
				SUPPORTS_XR_DESIGNED_FOR_IPHONE_IPAD = NO;
				SWIFT_EMIT_LOC_STRINGS = YES;
				SWIFT_VERSION = 5.0;
				TARGETED_DEVICE_FAMILY = 1;
			};
			name = Debug;
		};
		328D85212BE37BAE00F742D8 /* Release */ = {
			isa = XCBuildConfiguration;
			baseConfigurationReference = 7B7D17A482EE4BE3296A8FB4 /* Pods-hesoyam.release.xcconfig */;
			buildSettings = {
				ASSETCATALOG_COMPILER_APPICON_NAME = AppIcon;
				ASSETCATALOG_COMPILER_GLOBAL_ACCENT_COLOR_NAME = AccentColor;
				CODE_SIGN_STYLE = Automatic;
				CURRENT_PROJECT_VERSION = 1;
				DEVELOPMENT_TEAM = YV72SAKGKB;
				ENABLE_USER_SCRIPT_SANDBOXING = NO;
				GENERATE_INFOPLIST_FILE = YES;
				INFOPLIST_FILE = hesoyam/Core/Info.plist;
				INFOPLIST_KEY_UIApplicationSupportsIndirectInputEvents = YES;
				INFOPLIST_KEY_UILaunchStoryboardName = LaunchScreen;
				INFOPLIST_KEY_UISupportedInterfaceOrientations = UIInterfaceOrientationPortrait;
				INFOPLIST_KEY_UISupportedInterfaceOrientations_iPad = "UIInterfaceOrientationLandscapeLeft UIInterfaceOrientationLandscapeRight UIInterfaceOrientationPortrait UIInterfaceOrientationPortraitUpsideDown";
				IPHONEOS_DEPLOYMENT_TARGET = 15.0;
				LD_RUNPATH_SEARCH_PATHS = (
					"$(inherited)",
					"@executable_path/Frameworks",
				);
				MARKETING_VERSION = 1.0;
				PRODUCT_BUNDLE_IDENTIFIER = CT4TuEI3.hesoyam;
				PRODUCT_NAME = "$(TARGET_NAME)";
				SUPPORTED_PLATFORMS = "iphoneos iphonesimulator";
				SUPPORTS_MACCATALYST = NO;
				SUPPORTS_MAC_DESIGNED_FOR_IPHONE_IPAD = NO;
				SUPPORTS_XR_DESIGNED_FOR_IPHONE_IPAD = NO;
				SWIFT_EMIT_LOC_STRINGS = YES;
				SWIFT_VERSION = 5.0;
				TARGETED_DEVICE_FAMILY = 1;
			};
			name = Release;
		};
/* End XCBuildConfiguration section */

/* Begin XCConfigurationList section */
		328D85062BE37BAA00F742D8 /* Build configuration list for PBXProject "hesoyam" */ = {
			isa = XCConfigurationList;
			buildConfigurations = (
				328D851D2BE37BAE00F742D8 /* Debug */,
				328D851E2BE37BAE00F742D8 /* Release */,
			);
			defaultConfigurationIsVisible = 0;
			defaultConfigurationName = Release;
		};
		328D851F2BE37BAE00F742D8 /* Build configuration list for PBXNativeTarget "hesoyam" */ = {
			isa = XCConfigurationList;
			buildConfigurations = (
				328D85202BE37BAE00F742D8 /* Debug */,
				328D85212BE37BAE00F742D8 /* Release */,
			);
			defaultConfigurationIsVisible = 0;
			defaultConfigurationName = Release;
		};
/* End XCConfigurationList section */
	};
	rootObject = 328D85032BE37BAA00F742D8 /* Project object */;
}
